
Microsoft Visual Studio Solution File, Format Version 12.00
# Visual Studio Version 17
VisualStudioVersion = 17.2.32630.192
MinimumVisualStudioVersion = 10.0.40219.1
Project("{9A19103F-16F7-4668-BE54-9A1E7A4F7556}") = "ThridayBackendCaseStudy", "ThridayBackendCaseStudy\ThridayBackendCaseStudy.csproj", "{A291C7E3-8E9C-4593-A67D-F1A4B31E4B63}"
EndProject
Project("{9A19103F-16F7-4668-BE54-9A1E7A4F7556}") = "ThridayDatabase", "ThridayDatabase\ThridayDatabase.csproj", "{82468EB9-17F7-4E37-AB31-18F6A1473C07}"
EndProject
Project("{FAE04EC0-301F-11D3-BF4B-00C04F79EFBC}") = "ThridayBackendCaseStudyTest", "ThridayBackendCaseStudyTest\ThridayBackendCaseStudyTest.csproj", "{890009DF-91B1-490B-9580-7F3BECE976DB}"
EndProject
Global
	GlobalSection(SolutionConfigurationPlatforms) = preSolution
		Debug|Any CPU = Debug|Any CPU
		Release|Any CPU = Release|Any CPU
	EndGlobalSection
	GlobalSection(ProjectConfigurationPlatforms) = postSolution
		{A291C7E3-8E9C-4593-A67D-F1A4B31E4B63}.Debug|Any CPU.ActiveCfg = Debug|Any CPU
		{A291C7E3-8E9C-4593-A67D-F1A4B31E4B63}.Debug|Any CPU.Build.0 = Debug|Any CPU
		{A291C7E3-8E9C-4593-A67D-F1A4B31E4B63}.Release|Any CPU.ActiveCfg = Release|Any CPU
		{A291C7E3-8E9C-4593-A67D-F1A4B31E4B63}.Release|Any CPU.Build.0 = Release|Any CPU
		{82468EB9-17F7-4E37-AB31-18F6A1473C07}.Debug|Any CPU.ActiveCfg = Debug|Any CPU
		{82468EB9-17F7-4E37-AB31-18F6A1473C07}.Debug|Any CPU.Build.0 = Debug|Any CPU
		{82468EB9-17F7-4E37-AB31-18F6A1473C07}.Release|Any CPU.ActiveCfg = Release|Any CPU
		{82468EB9-17F7-4E37-AB31-18F6A1473C07}.Release|Any CPU.Build.0 = Release|Any CPU
		{890009DF-91B1-490B-9580-7F3BECE976DB}.Debug|Any CPU.ActiveCfg = Debug|Any CPU
		{890009DF-91B1-490B-9580-7F3BECE976DB}.Debug|Any CPU.Build.0 = Debug|Any CPU
		{890009DF-91B1-490B-9580-7F3BECE976DB}.Release|Any CPU.ActiveCfg = Release|Any CPU
		{890009DF-91B1-490B-9580-7F3BECE976DB}.Release|Any CPU.Build.0 = Release|Any CPU
	EndGlobalSection
	GlobalSection(SolutionProperties) = preSolution
		HideSolutionNode = FALSE
	EndGlobalSection
	GlobalSection(ExtensibilityGlobals) = postSolution
		SolutionGuid = {D6753EEF-6055-4239-855C-8DFD4FB71871}
	EndGlobalSection
EndGlobal
